# This file is automatically @generated by Cargo.
# It is not intended for manual editing.
version = 4

[[package]]
name = "max_sum_sdg"
version = "0.1.0"
dependencies = [
 "verbose-macros",
]

[[package]]
name = "verbose-macros"
version = "0.1.1"
source = "registry+https://github.com/rust-lang/crates.io-index"
checksum = "8b36118d66ea965147fdd324f63917430a7fc0c2de7d74bc83f9f03bff80563c"
